{
  "pins" : [
    {
      "identity" : "samplepackage",
      "kind" : "remoteSourceControl",
      "location" : "https://github.com/thenagain/SamplePackage.git",
      "state" : {
        "revision" : "1374b3c322d1d7b19cc468b0834402870c8709d5",
        "version" : "0.1.0"
      }
    }
  ],
  "version" : 2
}
